
Microsoft Visual Studio Solution File, Format Version 12.00
# Visual Studio Version 16
VisualStudioVersion = 16.0.30907.101
MinimumVisualStudioVersion = 10.0.40219.1
Project("{FAE04EC0-301F-11D3-BF4B-00C04F79EFBC}") = "GameSaleDemo", "GameSaleDemo\GameSaleDemo.csproj", "{D1FCF72C-61EC-4FFC-86F4-C4F45C08411B}"
EndProject
Global
	GlobalSection(SolutionConfigurationPlatforms) = preSolution
		Debug|Any CPU = Debug|Any CPU
		Release|Any CPU = Release|Any CPU
	EndGlobalSection
	GlobalSection(ProjectConfigurationPlatforms) = postSolution
		{D1FCF72C-61EC-4FFC-86F4-C4F45C08411B}.Debug|Any CPU.ActiveCfg = Debug|Any CPU
		{D1FCF72C-61EC-4FFC-86F4-C4F45C08411B}.Debug|Any CPU.Build.0 = Debug|Any CPU
		{D1FCF72C-61EC-4FFC-86F4-C4F45C08411B}.Release|Any CPU.ActiveCfg = Release|Any CPU
		{D1FCF72C-61EC-4FFC-86F4-C4F45C08411B}.Release|Any CPU.Build.0 = Release|Any CPU
	EndGlobalSection
	GlobalSection(SolutionProperties) = preSolution
		HideSolutionNode = FALSE
	EndGlobalSection
	GlobalSection(ExtensibilityGlobals) = postSolution
		SolutionGuid = {0BD1F56C-1E04-48CD-ABA8-56B5C4E95083}
	EndGlobalSection
EndGlobal
